{
    "_readme": [
        "This file locks the dependencies of your project to a known state",
        "Read more about it at https://getcomposer.org/doc/01-basic-usage.md#installing-dependencies",
        "This file is @generated automatically"
    ],
    "content-hash": "123cbf86c679f559e764cdbcc469c382",
    "packages": [
        {
            "name": "async-aws/core",
            "version": "1.18.1",
            "source": {
                "type": "git",
                "url": "https://github.com/async-aws/core.git",
                "reference": "fd09655f15b8b2d16799ec46a792dcdbb4e460fb"
            },
            "dist": {
                "type": "zip",
                "url": "https://api.github.com/repos/async-aws/core/zipball/fd09655f15b8b2d16799ec46a792dcdbb4e460fb",
                "reference": "fd09655f15b8b2d16799ec46a792dcdbb4e460fb",
                "shasum": ""
            },
            "require": {
                "ext-hash": "*",
                "ext-json": "*",
                "ext-simplexml": "*",
                "php": "^7.2.5 || ^8.0",
                "psr/cache": "^1.0 || ^2.0 || ^3.0",
                "psr/log": "^1.0 || ^2.0 || ^3.0",
                "symfony/deprecation-contracts": "^2.1 || ^3.0",
                "symfony/http-client": "^4.4.16 || ^5.1.7,!=5.2.0 || ^6.0",
                "symfony/http-client-contracts": "^1.1.8 || ^2.0 || ^3.0",
                "symfony/service-contracts": "^1.0 || ^2.0 || ^3.0"
            },
            "conflict": {
                "async-aws/s3": "<1.1"
            },
            "type": "library",
            "extra": {
                "branch-alias": {
                    "dev-master": "1.19-dev"
                }
            },
            "autoload": {
                "psr-4": {
                    "AsyncAws\\Core\\": "src"
                }
            },
            "notification-url": "https://packagist.org/downloads/",
            "license": [
                "MIT"
            ],
            "description": "Core package to integrate with AWS. This is a lightweight AWS SDK provider by AsyncAws.",
            "keywords": [
                "amazon",
                "async-aws",
                "aws",
                "sdk",
                "sts"
            ],
            "support": {
                "source": "https://github.com/async-aws/core/tree/1.18.1"
            },
            "funding": [
                {
                    "url": "https://github.com/jderusse",
                    "type": "github"
                },
                {
                    "url": "https://github.com/nyholm",
                    "type": "github"
                }
            ],
            "time": "2023-02-28T16:31:16+00:00"
        },
        {
            "name": "async-aws/ses",
            "version": "1.13.0",
            "source": {
                "type": "git",
                "url": "https://github.com/async-aws/ses.git",
                "reference": "e11cdc16cfa3d7ae45266d62d886a1d7a71a1c42"
            },
            "dist": {
                "type": "zip",
                "url": "https://api.github.com/repos/async-aws/ses/zipball/e11cdc16cfa3d7ae45266d62d886a1d7a71a1c42",
                "reference": "e11cdc16cfa3d7ae45266d62d886a1d7a71a1c42",
                "shasum": ""
            },
            "require": {
                "async-aws/core": "^1.9",
                "ext-json": "*",
                "php": "^7.2.5 || ^8.0"
            },
            "type": "library",
            "extra": {
                "branch-alias": {
                    "dev-master": "1.13-dev"
                }
            },
            "autoload": {
                "psr-4": {
                    "AsyncAws\\Ses\\": "src"
                }
            },
            "notification-url": "https://packagist.org/downloads/",
            "license": [
                "MIT"
            ],
            "description": "SES client, part of the AWS SDK provided by AsyncAws.",
            "keywords": [
                "amazon",
                "async-aws",
                "aws",
                "sdk",
                "ses"
            ],
            "support": {
                "source": "https://github.com/async-aws/ses/tree/1.13.0"
            },
            "funding": [
                {
                    "url": "https://github.com/jderusse",
                    "type": "github"
                },
                {
                    "url": "https://github.com/nyholm",
                    "type": "github"
                }
            ],
            "time": "2025-08-11T10:03:27+00:00"
        },
        {
            "name": "symfony/amazon-mailer",
            "version": "v5.4.45",
            "source": {
                "type": "git",
                "url": "https://github.com/symfony/amazon-mailer.git",
                "reference": "15ed346d084a912d86f4976407f567507726a846"
            },
            "dist": {
                "type": "zip",
                "url": "https://api.github.com/repos/symfony/amazon-mailer/zipball/15ed346d084a912d86f4976407f567507726a846",
                "reference": "15ed346d084a912d86f4976407f567507726a846",
                "shasum": ""
            },
            "require": {
                "async-aws/ses": "^1.0",
                "php": ">=7.2.5",
                "psr/event-dispatcher": "^1",
                "symfony/deprecation-contracts": "^2.1|^3",
                "symfony/mailer": "^5.4.21|^6.2.7"
            },
            "require-dev": {
                "symfony/http-client": "^4.4|^5.0|^6.0"
            },
            "type": "symfony-mailer-bridge",
            "autoload": {
                "psr-4": {
                    "Symfony\\Component\\Mailer\\Bridge\\Amazon\\": ""
                },
                "exclude-from-classmap": [
                    "/Tests/"
                ]
            },
            "notification-url": "https://packagist.org/downloads/",
            "license": [
                "MIT"
            ],
            "authors": [
                {
                    "name": "Fabien Potencier",
                    "email": "fabien@symfony.com"
                },
                {
                    "name": "Symfony Community",
                    "homepage": "https://symfony.com/contributors"
                }
            ],
            "description": "Symfony Amazon Mailer Bridge",
            "homepage": "https://symfony.com",
            "support": {
                "source": "https://github.com/symfony/amazon-mailer/tree/v5.4.45"
            },
            "funding": [
                {
                    "url": "https://symfony.com/sponsor",
                    "type": "custom"
                },
                {
                    "url": "https://github.com/fabpot",
                    "type": "github"
                },
                {
                    "url": "https://tidelift.com/funding/github/packagist/symfony/symfony",
                    "type": "tidelift"
                }
            ],
            "time": "2024-09-25T14:11:13+00:00"
        }
    ],
    "packages-dev": [],
    "aliases": [],
    "minimum-stability": "stable",
    "stability-flags": {},
    "prefer-stable": false,
    "prefer-lowest": false,
    "platform": {
        "php": ">=7.3.6"
    },
    "platform-dev": {},
    "platform-overrides": {
        "php": "7.3.6"
    },
    "plugin-api-version": "2.9.0"
}
